// !$*UTF8*$!
{
	archiveVersion = 1;
	classes = {
	};
	objectVersion = 46;
	objects = {

/* Begin PBXBuildFile section */
		5459998C1C192C16002DB3EA /* main.m in Sources */ = {isa = PBXBuildFile; fileRef = 5459998B1C192C16002DB3EA /* main.m */; };
		545999941C192C45002DB3EA /* MainViewControllor.m in Sources */ = {isa = PBXBuildFile; fileRef = 545999931C192C45002DB3EA /* MainViewControllor.m */; };
		5470EBDB1C1AB5470036959B /* RootViewController.m in Sources */ = {isa = PBXBuildFile; fileRef = 5470EBDA1C1AB5470036959B /* RootViewController.m */; };
		5470EBE61C1AC1470036959B /* BattleFiledViewController.m in Sources */ = {isa = PBXBuildFile; fileRef = 5470EBE51C1AC1470036959B /* BattleFiledViewController.m */; };
		547C52F11C2657370019289F /* Hero.m in Sources */ = {isa = PBXBuildFile; fileRef = 547C52F01C2657370019289F /* Hero.m */; };
		547C52FD1C265E680019289F /* Hero_Power.m in Sources */ = {isa = PBXBuildFile; fileRef = 547C52FC1C265E680019289F /* Hero_Power.m */; };
		547C53001C265E790019289F /* Hero_Quik.m in Sources */ = {isa = PBXBuildFile; fileRef = 547C52FF1C265E790019289F /* Hero_Quik.m */; };
		547C53031C265E940019289F /* Hero_Intelligence.m in Sources */ = {isa = PBXBuildFile; fileRef = 547C53021C265E940019289F /* Hero_Intelligence.m */; };
		547C53061C2698E70019289F /* WQQTools.m in Sources */ = {isa = PBXBuildFile; fileRef = 547C53051C2698E70019289F /* WQQTools.m */; };
		54CCC1271C212D9D00E3A7C4 /* HeroViewController.m in Sources */ = {isa = PBXBuildFile; fileRef = 54CCC1261C212D9D00E3A7C4 /* HeroViewController.m */; };
/* End PBXBuildFile section */

/* Begin PBXCopyFilesBuildPhase section */
		545999861C192C16002DB3EA /* CopyFiles */ = {
			isa = PBXCopyFilesBuildPhase;
			buildActionMask = 2147483647;
			dstPath = /usr/share/man/man1/;
			dstSubfolderSpec = 0;
			files = (
			);
			runOnlyForDeploymentPostprocessing = 1;
		};
/* End PBXCopyFilesBuildPhase section */

/* Begin PBXFileReference section */
		545999881C192C16002DB3EA /* DotaGame */ = {isa = PBXFileReference; explicitFileType = "compiled.mach-o.executable"; includeInIndex = 0; path = DotaGame; sourceTree = BUILT_PRODUCTS_DIR; };
		5459998B1C192C16002DB3EA /* main.m */ = {isa = PBXFileReference; lastKnownFileType = sourcecode.c.objc; path = main.m; sourceTree = "<group>"; };
		545999921C192C45002DB3EA /* MainViewControllor.h */ = {isa = PBXFileReference; fileEncoding = 4; lastKnownFileType = sourcecode.c.h; path = MainViewControllor.h; sourceTree = "<group>"; };
		545999931C192C45002DB3EA /* MainViewControllor.m */ = {isa = PBXFileReference; fileEncoding = 4; lastKnownFileType = sourcecode.c.objc; path = MainViewControllor.m; sourceTree = "<group>"; };
		545D46A41C19C0E7007C7E42 /* battle.plist */ = {isa = PBXFileReference; fileEncoding = 4; lastKnownFileType = text.plist.xml; name = battle.plist; path = Resource/battle.plist; sourceTree = SOURCE_ROOT; };
		545D6BDE1C20456900B9B0C9 /* 力量型英雄.plist */ = {isa = PBXFileReference; fileEncoding = 4; lastKnownFileType = text.plist.xml; name = "力量型英雄.plist"; path = "Resource/力量型英雄.plist"; sourceTree = SOURCE_ROOT; };
		545D6BDF1C20456900B9B0C9 /* 敏捷型英雄.plist */ = {isa = PBXFileReference; fileEncoding = 4; lastKnownFileType = text.plist.xml; name = "敏捷型英雄.plist"; path = "Resource/敏捷型英雄.plist"; sourceTree = SOURCE_ROOT; };
		545D6BE01C20456900B9B0C9 /* 智慧型英雄.plist */ = {isa = PBXFileReference; fileEncoding = 4; lastKnownFileType = text.plist.xml; name = "智慧型英雄.plist"; path = "Resource/智慧型英雄.plist"; sourceTree = SOURCE_ROOT; };
		5470EBD91C1AB5470036959B /* RootViewController.h */ = {isa = PBXFileReference; fileEncoding = 4; lastKnownFileType = sourcecode.c.h; name = RootViewController.h; path = ../ViewController/RootViewController.h; sourceTree = "<group>"; };
		5470EBDA1C1AB5470036959B /* RootViewController.m */ = {isa = PBXFileReference; fileEncoding = 4; lastKnownFileType = sourcecode.c.objc; name = RootViewController.m; path = ../ViewController/RootViewController.m; sourceTree = "<group>"; };
		5470EBE11C1AB9420036959B /* PathHeader.h */ = {isa = PBXFileReference; fileEncoding = 4; lastKnownFileType = sourcecode.c.h; name = PathHeader.h; path = Others/PathHeader.h; sourceTree = "<group>"; };
		5470EBE41C1AC1470036959B /* BattleFiledViewController.h */ = {isa = PBXFileReference; fileEncoding = 4; lastKnownFileType = sourcecode.c.h; name = BattleFiledViewController.h; path = ViewController/BattleFiledViewController.h; sourceTree = SOURCE_ROOT; };
		5470EBE51C1AC1470036959B /* BattleFiledViewController.m */ = {isa = PBXFileReference; fileEncoding = 4; lastKnownFileType = sourcecode.c.objc; name = BattleFiledViewController.m; path = ViewController/BattleFiledViewController.m; sourceTree = SOURCE_ROOT; };
		547C52EF1C2657370019289F /* Hero.h */ = {isa = PBXFileReference; fileEncoding = 4; lastKnownFileType = sourcecode.c.h; name = Hero.h; path = HeroInfo/Hero.h; sourceTree = "<group>"; };
		547C52F01C2657370019289F /* Hero.m */ = {isa = PBXFileReference; fileEncoding = 4; lastKnownFileType = sourcecode.c.objc; name = Hero.m; path = HeroInfo/Hero.m; sourceTree = "<group>"; };
		547C52FB1C265E680019289F /* Hero_Power.h */ = {isa = PBXFileReference; fileEncoding = 4; lastKnownFileType = sourcecode.c.h; name = Hero_Power.h; path = HeroInfo/Hero_Power.h; sourceTree = "<group>"; };
		547C52FC1C265E680019289F /* Hero_Power.m */ = {isa = PBXFileReference; fileEncoding = 4; lastKnownFileType = sourcecode.c.objc; name = Hero_Power.m; path = HeroInfo/Hero_Power.m; sourceTree = "<group>"; };
		547C52FE1C265E790019289F /* Hero_Quik.h */ = {isa = PBXFileReference; fileEncoding = 4; lastKnownFileType = sourcecode.c.h; name = Hero_Quik.h; path = HeroInfo/Hero_Quik.h; sourceTree = "<group>"; };
		547C52FF1C265E790019289F /* Hero_Quik.m */ = {isa = PBXFileReference; fileEncoding = 4; lastKnownFileType = sourcecode.c.objc; name = Hero_Quik.m; path = HeroInfo/Hero_Quik.m; sourceTree = "<group>"; };
		547C53011C265E940019289F /* Hero_Intelligence.h */ = {isa = PBXFileReference; fileEncoding = 4; lastKnownFileType = sourcecode.c.h; name = Hero_Intelligence.h; path = HeroInfo/Hero_Intelligence.h; sourceTree = "<group>"; };
		547C53021C265E940019289F /* Hero_Intelligence.m */ = {isa = PBXFileReference; fileEncoding = 4; lastKnownFileType = sourcecode.c.objc; name = Hero_Intelligence.m; path = HeroInfo/Hero_Intelligence.m; sourceTree = "<group>"; };
		547C53041C2698E70019289F /* WQQTools.h */ = {isa = PBXFileReference; fileEncoding = 4; lastKnownFileType = sourcecode.c.h; name = WQQTools.h; path = Others/WQQTools.h; sourceTree = "<group>"; };
		547C53051C2698E70019289F /* WQQTools.m */ = {isa = PBXFileReference; fileEncoding = 4; lastKnownFileType = sourcecode.c.objc; name = WQQTools.m; path = Others/WQQTools.m; sourceTree = "<group>"; };
		54CCC1251C212D9D00E3A7C4 /* HeroViewController.h */ = {isa = PBXFileReference; fileEncoding = 4; lastKnownFileType = sourcecode.c.h; name = HeroViewController.h; path = ViewController/HeroViewController.h; sourceTree = SOURCE_ROOT; };
		54CCC1261C212D9D00E3A7C4 /* HeroViewController.m */ = {isa = PBXFileReference; fileEncoding = 4; lastKnownFileType = sourcecode.c.objc; name = HeroViewController.m; path = ViewController/HeroViewController.m; sourceTree = SOURCE_ROOT; };
/* End PBXFileReference section */

/* Begin PBXFrameworksBuildPhase section */
		545999851C192C16002DB3EA /* Frameworks */ = {
			isa = PBXFrameworksBuildPhase;
			buildActionMask = 2147483647;
			files = (
			);
			runOnlyForDeploymentPostprocessing = 0;
		};
/* End PBXFrameworksBuildPhase section */

/* Begin PBXGroup section */
		5459997F1C192C16002DB3EA = {
			isa = PBXGroup;
			children = (
				547C52EE1C2657130019289F /* HeroInfo */,
				5470EBE11C1AB9420036959B /* PathHeader.h */,
				547C53041C2698E70019289F /* WQQTools.h */,
				547C53051C2698E70019289F /* WQQTools.m */,
				5459998A1C192C16002DB3EA /* DotaGame */,
				545999891C192C16002DB3EA /* Products */,
			);
			sourceTree = "<group>";
		};
		545999891C192C16002DB3EA /* Products */ = {
			isa = PBXGroup;
			children = (
				545999881C192C16002DB3EA /* DotaGame */,
			);
			name = Products;
			sourceTree = "<group>";
		};
		5459998A1C192C16002DB3EA /* DotaGame */ = {
			isa = PBXGroup;
			children = (
				545D46A31C19C0A7007C7E42 /* Resource */,
				5459998B1C192C16002DB3EA /* main.m */,
				5470EBD91C1AB5470036959B /* RootViewController.h */,
				5470EBDA1C1AB5470036959B /* RootViewController.m */,
				545999921C192C45002DB3EA /* MainViewControllor.h */,
				545999931C192C45002DB3EA /* MainViewControllor.m */,
				5470EBE41C1AC1470036959B /* BattleFiledViewController.h */,
				5470EBE51C1AC1470036959B /* BattleFiledViewController.m */,
				54CCC1251C212D9D00E3A7C4 /* HeroViewController.h */,
				54CCC1261C212D9D00E3A7C4 /* HeroViewController.m */,
			);
			path = DotaGame;
			sourceTree = "<group>";
		};
		545D46A31C19C0A7007C7E42 /* Resource */ = {
			isa = PBXGroup;
			children = (
				545D6BDE1C20456900B9B0C9 /* 力量型英雄.plist */,
				545D6BDF1C20456900B9B0C9 /* 敏捷型英雄.plist */,
				545D6BE01C20456900B9B0C9 /* 智慧型英雄.plist */,
				545D46A41C19C0E7007C7E42 /* battle.plist */,
			);
			name = Resource;
			sourceTree = "<group>";
		};
		547C52EE1C2657130019289F /* HeroInfo */ = {
			isa = PBXGroup;
			children = (
				547C52EF1C2657370019289F /* Hero.h */,
				547C52F01C2657370019289F /* Hero.m */,
				547C52FB1C265E680019289F /* Hero_Power.h */,
				547C52FC1C265E680019289F /* Hero_Power.m */,
				547C52FE1C265E790019289F /* Hero_Quik.h */,
				547C52FF1C265E790019289F /* Hero_Quik.m */,
				547C53011C265E940019289F /* Hero_Intelligence.h */,
				547C53021C265E940019289F /* Hero_Intelligence.m */,
			);
			name = HeroInfo;
			sourceTree = "<group>";
		};
/* End PBXGroup section */

/* Begin PBXNativeTarget section */
		545999871C192C16002DB3EA /* DotaGame */ = {
			isa = PBXNativeTarget;
			buildConfigurationList = 5459998F1C192C16002DB3EA /* Build configuration list for PBXNativeTarget "DotaGame" */;
			buildPhases = (
				545999841C192C16002DB3EA /* Sources */,
				545999851C192C16002DB3EA /* Frameworks */,
				545999861C192C16002DB3EA /* CopyFiles */,
			);
			buildRules = (
			);
			dependencies = (
			);
			name = DotaGame;
			productName = DotaGame;
			productReference = 545999881C192C16002DB3EA /* DotaGame */;
			productType = "com.apple.product-type.tool";
		};
/* End PBXNativeTarget section */

/* Begin PBXProject section */
		545999801C192C16002DB3EA /* Project object */ = {
			isa = PBXProject;
			attributes = {
				LastUpgradeCheck = 0640;
				ORGANIZATIONNAME = qianfeng;
				TargetAttributes = {
					545999871C192C16002DB3EA = {
						CreatedOnToolsVersion = 6.4;
					};
				};
			};
			buildConfigurationList = 545999831C192C16002DB3EA /* Build configuration list for PBXProject "DotaGame" */;
			compatibilityVersion = "Xcode 3.2";
			developmentRegion = English;
			hasScannedForEncodings = 0;
			knownRegions = (
				en,
			);
			mainGroup = 5459997F1C192C16002DB3EA;
			productRefGroup = 545999891C192C16002DB3EA /* Products */;
			projectDirPath = "";
			projectRoot = "";
			targets = (
				545999871C192C16002DB3EA /* DotaGame */,
			);
		};
/* End PBXProject section */

/* Begin PBXSourcesBuildPhase section */
		545999841C192C16002DB3EA /* Sources */ = {
			isa = PBXSourcesBuildPhase;
			buildActionMask = 2147483647;
			files = (
				547C53031C265E940019289F /* Hero_Intelligence.m in Sources */,
				5459998C1C192C16002DB3EA /* main.m in Sources */,
				547C52F11C2657370019289F /* Hero.m in Sources */,
				5470EBE61C1AC1470036959B /* BattleFiledViewController.m in Sources */,
				545999941C192C45002DB3EA /* MainViewControllor.m in Sources */,
				547C53061C2698E70019289F /* WQQTools.m in Sources */,
				54CCC1271C212D9D00E3A7C4 /* HeroViewController.m in Sources */,
				547C53001C265E790019289F /* Hero_Quik.m in Sources */,
				5470EBDB1C1AB5470036959B /* RootViewController.m in Sources */,
				547C52FD1C265E680019289F /* Hero_Power.m in Sources */,
			);
			runOnlyForDeploymentPostprocessing = 0;
		};
/* End PBXSourcesBuildPhase section */

/* Begin XCBuildConfiguration section */
		5459998D1C192C16002DB3EA /* Debug */ = {
			isa = XCBuildConfiguration;
			buildSettings = {
				ALWAYS_SEARCH_USER_PATHS = NO;
				CLANG_CXX_LANGUAGE_STANDARD = "gnu++0x";
				CLANG_CXX_LIBRARY = "libc++";
				CLANG_ENABLE_MODULES = YES;
				CLANG_ENABLE_OBJC_ARC = YES;
				CLANG_WARN_BOOL_CONVERSION = YES;
				CLANG_WARN_CONSTANT_CONVERSION = YES;
				CLANG_WARN_DIRECT_OBJC_ISA_USAGE = YES_ERROR;
				CLANG_WARN_EMPTY_BODY = YES;
				CLANG_WARN_ENUM_CONVERSION = YES;
				CLANG_WARN_INT_CONVERSION = YES;
				CLANG_WARN_OBJC_ROOT_CLASS = YES_ERROR;
				CLANG_WARN_UNREACHABLE_CODE = YES;
				CLANG_WARN__DUPLICATE_METHOD_MATCH = YES;
				COPY_PHASE_STRIP = NO;
				DEBUG_INFORMATION_FORMAT = dwarf;
				ENABLE_STRICT_OBJC_MSGSEND = YES;
				GCC_C_LANGUAGE_STANDARD = gnu99;
				GCC_DYNAMIC_NO_PIC = NO;
				GCC_NO_COMMON_BLOCKS = YES;
				GCC_OPTIMIZATION_LEVEL = 0;
				GCC_PREPROCESSOR_DEFINITIONS = (
					"DEBUG=1",
					"$(inherited)",
				);
				GCC_SYMBOLS_PRIVATE_EXTERN = NO;
				GCC_WARN_64_TO_32_BIT_CONVERSION = YES;
				GCC_WARN_ABOUT_RETURN_TYPE = YES_ERROR;
				GCC_WARN_UNDECLARED_SELECTOR = YES;
				GCC_WARN_UNINITIALIZED_AUTOS = YES_AGGRESSIVE;
				GCC_WARN_UNUSED_FUNCTION = YES;
				GCC_WARN_UNUSED_VARIABLE = YES;
				MACOSX_DEPLOYMENT_TARGET = 10.10;
				MTL_ENABLE_DEBUG_INFO = YES;
				ONLY_ACTIVE_ARCH = YES;
				SDKROOT = macosx;
			};
			name = Debug;
		};
		5459998E1C192C16002DB3EA /* Release */ = {
			isa = XCBuildConfiguration;
			buildSettings = {
				ALWAYS_SEARCH_USER_PATHS = NO;
				CLANG_CXX_LANGUAGE_STANDARD = "gnu++0x";
				CLANG_CXX_LIBRARY = "libc++";
				CLANG_ENABLE_MODULES = YES;
				CLANG_ENABLE_OBJC_ARC = YES;
				CLANG_WARN_BOOL_CONVERSION = YES;
				CLANG_WARN_CONSTANT_CONVERSION = YES;
				CLANG_WARN_DIRECT_OBJC_ISA_USAGE = YES_ERROR;
				CLANG_WARN_EMPTY_BODY = YES;
				CLANG_WARN_ENUM_CONVERSION = YES;
				CLANG_WARN_INT_CONVERSION = YES;
				CLANG_WARN_OBJC_ROOT_CLASS = YES_ERROR;
				CLANG_WARN_UNREACHABLE_CODE = YES;
				CLANG_WARN__DUPLICATE_METHOD_MATCH = YES;
				COPY_PHASE_STRIP = NO;
				DEBUG_INFORMATION_FORMAT = "dwarf-with-dsym";
				ENABLE_NS_ASSERTIONS = NO;
				ENABLE_STRICT_OBJC_MSGSEND = YES;
				GCC_C_LANGUAGE_STANDARD = gnu99;
				GCC_NO_COMMON_BLOCKS = YES;
				GCC_WARN_64_TO_32_BIT_CONVERSION = YES;
				GCC_WARN_ABOUT_RETURN_TYPE = YES_ERROR;
				GCC_WARN_UNDECLARED_SELECTOR = YES;
				GCC_WARN_UNINITIALIZED_AUTOS = YES_AGGRESSIVE;
				GCC_WARN_UNUSED_FUNCTION = YES;
				GCC_WARN_UNUSED_VARIABLE = YES;
				MACOSX_DEPLOYMENT_TARGET = 10.10;
				MTL_ENABLE_DEBUG_INFO = NO;
				SDKROOT = macosx;
			};
			name = Release;
		};
		545999901C192C16002DB3EA /* Debug */ = {
			isa = XCBuildConfiguration;
			buildSettings = {
				PRODUCT_NAME = "$(TARGET_NAME)";
			};
			name = Debug;
		};
		545999911C192C16002DB3EA /* Release */ = {
			isa = XCBuildConfiguration;
			buildSettings = {
				PRODUCT_NAME = "$(TARGET_NAME)";
			};
			name = Release;
		};
/* End XCBuildConfiguration section */

/* Begin XCConfigurationList section */
		545999831C192C16002DB3EA /* Build configuration list for PBXProject "DotaGame" */ = {
			isa = XCConfigurationList;
			buildConfigurations = (
				5459998D1C192C16002DB3EA /* Debug */,
				5459998E1C192C16002DB3EA /* Release */,
			);
			defaultConfigurationIsVisible = 0;
			defaultConfigurationName = Release;
		};
		5459998F1C192C16002DB3EA /* Build configuration list for PBXNativeTarget "DotaGame" */ = {
			isa = XCConfigurationList;
			buildConfigurations = (
				545999901C192C16002DB3EA /* Debug */,
				545999911C192C16002DB3EA /* Release */,
			);
			defaultConfigurationIsVisible = 0;
			defaultConfigurationName = Release;
		};
/* End XCConfigurationList section */
	};
	rootObject = 545999801C192C16002DB3EA /* Project object */;
}
